
Microsoft Visual Studio Solution File, Format Version 12.00
# Visual Studio Version 17
VisualStudioVersion = 17.10.34928.147
MinimumVisualStudioVersion = 10.0.40219.1
Project("{9A19103F-16F7-4668-BE54-9A1E7A4F7556}") = "Yu-Gi-Oh-Backend", "Yu-Gi-Oh-Backend\Yu-Gi-Oh-Backend.csproj", "{99C18405-1C86-441B-A051-823B23246878}"
EndProject
Project("{2150E333-8FDC-42A3-9474-1A3956D46DE8}") = "Model", "Model", "{7701C6CA-3878-4638-9621-F3FC5BECFD52}"
EndProject
Project("{FAE04EC0-301F-11D3-BF4B-00C04F79EFBC}") = "BusinessLayer", "BusinessLayer\BusinessLayer.csproj", "{17C6115B-574E-470D-98F2-E1D09A11CB66}"
EndProject
Project("{FAE04EC0-301F-11D3-BF4B-00C04F79EFBC}") = "DataLayer", "DataLayer\DataLayer.csproj", "{74D7B2F2-D66B-4A2D-AA48-717D67C87F88}"
EndProject
Global
	GlobalSection(SolutionConfigurationPlatforms) = preSolution
		Debug|Any CPU = Debug|Any CPU
		Release|Any CPU = Release|Any CPU
	EndGlobalSection
	GlobalSection(ProjectConfigurationPlatforms) = postSolution
		{99C18405-1C86-441B-A051-823B23246878}.Debug|Any CPU.ActiveCfg = Debug|Any CPU
		{99C18405-1C86-441B-A051-823B23246878}.Debug|Any CPU.Build.0 = Debug|Any CPU
		{99C18405-1C86-441B-A051-823B23246878}.Release|Any CPU.ActiveCfg = Release|Any CPU
		{99C18405-1C86-441B-A051-823B23246878}.Release|Any CPU.Build.0 = Release|Any CPU
		{17C6115B-574E-470D-98F2-E1D09A11CB66}.Debug|Any CPU.ActiveCfg = Debug|Any CPU
		{17C6115B-574E-470D-98F2-E1D09A11CB66}.Debug|Any CPU.Build.0 = Debug|Any CPU
		{17C6115B-574E-470D-98F2-E1D09A11CB66}.Release|Any CPU.ActiveCfg = Release|Any CPU
		{17C6115B-574E-470D-98F2-E1D09A11CB66}.Release|Any CPU.Build.0 = Release|Any CPU
		{74D7B2F2-D66B-4A2D-AA48-717D67C87F88}.Debug|Any CPU.ActiveCfg = Debug|Any CPU
		{74D7B2F2-D66B-4A2D-AA48-717D67C87F88}.Debug|Any CPU.Build.0 = Debug|Any CPU
		{74D7B2F2-D66B-4A2D-AA48-717D67C87F88}.Release|Any CPU.ActiveCfg = Release|Any CPU
		{74D7B2F2-D66B-4A2D-AA48-717D67C87F88}.Release|Any CPU.Build.0 = Release|Any CPU
	EndGlobalSection
	GlobalSection(SolutionProperties) = preSolution
		HideSolutionNode = FALSE
	EndGlobalSection
	GlobalSection(NestedProjects) = preSolution
		{17C6115B-574E-470D-98F2-E1D09A11CB66} = {7701C6CA-3878-4638-9621-F3FC5BECFD52}
		{74D7B2F2-D66B-4A2D-AA48-717D67C87F88} = {7701C6CA-3878-4638-9621-F3FC5BECFD52}
	EndGlobalSection
	GlobalSection(ExtensibilityGlobals) = postSolution
		SolutionGuid = {76B6C8F9-71D8-43D3-BC52-834130E44306}
	EndGlobalSection
EndGlobal
