
Microsoft Visual Studio Solution File, Format Version 12.00
# Visual Studio Version 17
VisualStudioVersion = 17.0.31903.59
MinimumVisualStudioVersion = 10.0.40219.1
Project("{9A19103F-16F7-4668-BE54-9A1E7A4F7556}") = "BusinessLayer", "..\YugiohMasterDuelProject\BusinessLayer\BusinessLayer.csproj", "{3FBB14E0-455B-4194-93DE-5E944FFED08C}"
EndProject
Project("{9A19103F-16F7-4668-BE54-9A1E7A4F7556}") = "DataLayer", "..\YugiohMasterDuelProject\DataLayer\DataLayer.csproj", "{8F74CE77-F79E-45BA-BA43-96C0172771F6}"
EndProject
Global
	GlobalSection(SolutionConfigurationPlatforms) = preSolution
		Debug|Any CPU = Debug|Any CPU
		Release|Any CPU = Release|Any CPU
	EndGlobalSection
	GlobalSection(ProjectConfigurationPlatforms) = postSolution
		{3FBB14E0-455B-4194-93DE-5E944FFED08C}.Debug|Any CPU.ActiveCfg = Debug|Any CPU
		{3FBB14E0-455B-4194-93DE-5E944FFED08C}.Debug|Any CPU.Build.0 = Debug|Any CPU
		{3FBB14E0-455B-4194-93DE-5E944FFED08C}.Release|Any CPU.ActiveCfg = Release|Any CPU
		{3FBB14E0-455B-4194-93DE-5E944FFED08C}.Release|Any CPU.Build.0 = Release|Any CPU
		{8F74CE77-F79E-45BA-BA43-96C0172771F6}.Debug|Any CPU.ActiveCfg = Debug|Any CPU
		{8F74CE77-F79E-45BA-BA43-96C0172771F6}.Debug|Any CPU.Build.0 = Debug|Any CPU
		{8F74CE77-F79E-45BA-BA43-96C0172771F6}.Release|Any CPU.ActiveCfg = Release|Any CPU
		{8F74CE77-F79E-45BA-BA43-96C0172771F6}.Release|Any CPU.Build.0 = Release|Any CPU
	EndGlobalSection
	GlobalSection(SolutionProperties) = preSolution
		HideSolutionNode = FALSE
	EndGlobalSection
	GlobalSection(ExtensibilityGlobals) = postSolution
		SolutionGuid = {F2F4714E-EEE9-4AEF-BCDC-5614D64C4A6B}
	EndGlobalSection
EndGlobal
